// !$*UTF8*$!
{
	archiveVersion = 1;
	classes = {
	};
	objectVersion = 50;
	objects = {

/* Begin PBXBuildFile section */
		CCA30BFC20D2C1E6002C28AF /* AppDelegate.swift in Sources */ = {isa = PBXBuildFile; fileRef = CCA30BFB20D2C1E6002C28AF /* AppDelegate.swift */; };
		CCA30BFE20D2C1E6002C28AF /* MealViewController.swift in Sources */ = {isa = PBXBuildFile; fileRef = CCA30BFD20D2C1E6002C28AF /* MealViewController.swift */; };
		CCA30C0120D2C1E6002C28AF /* Main.storyboard in Resources */ = {isa = PBXBuildFile; fileRef = CCA30BFF20D2C1E6002C28AF /* Main.storyboard */; };
		CCA30C0320D2C1E8002C28AF /* Assets.xcassets in Resources */ = {isa = PBXBuildFile; fileRef = CCA30C0220D2C1E8002C28AF /* Assets.xcassets */; };
		CCA30C0620D2C1E8002C28AF /* LaunchScreen.storyboard in Resources */ = {isa = PBXBuildFile; fileRef = CCA30C0420D2C1E8002C28AF /* LaunchScreen.storyboard */; };
		CCA30C1120D2C1E8002C28AF /* FoodTrackerTests.swift in Sources */ = {isa = PBXBuildFile; fileRef = CCA30C1020D2C1E8002C28AF /* FoodTrackerTests.swift */; };
		CCA30C1C20D2C1E8002C28AF /* FoodTrackerUITests.swift in Sources */ = {isa = PBXBuildFile; fileRef = CCA30C1B20D2C1E8002C28AF /* FoodTrackerUITests.swift */; };
		CCA30C2A20D2E918002C28AF /* RatingControl.swift in Sources */ = {isa = PBXBuildFile; fileRef = CCA30C2920D2E918002C28AF /* RatingControl.swift */; };
		CCA30C2E20D2F7A2002C28AF /* Meal.swift in Sources */ = {isa = PBXBuildFile; fileRef = CCA30C2D20D2F7A2002C28AF /* Meal.swift */; };
		CCA30C3020D3074A002C28AF /* MealTableViewCell.swift in Sources */ = {isa = PBXBuildFile; fileRef = CCA30C2F20D3074A002C28AF /* MealTableViewCell.swift */; };
		CCA30C3220D3FFFB002C28AF /* MealTableViewController.swift in Sources */ = {isa = PBXBuildFile; fileRef = CCA30C3120D3FFFB002C28AF /* MealTableViewController.swift */; };
/* End PBXBuildFile section */

/* Begin PBXContainerItemProxy section */
		CCA30C0D20D2C1E8002C28AF /* PBXContainerItemProxy */ = {
			isa = PBXContainerItemProxy;
			containerPortal = CCA30BF020D2C1E6002C28AF /* Project object */;
			proxyType = 1;
			remoteGlobalIDString = CCA30BF720D2C1E6002C28AF;
			remoteInfo = FoodTracker;
		};
		CCA30C1820D2C1E8002C28AF /* PBXContainerItemProxy */ = {
			isa = PBXContainerItemProxy;
			containerPortal = CCA30BF020D2C1E6002C28AF /* Project object */;
			proxyType = 1;
			remoteGlobalIDString = CCA30BF720D2C1E6002C28AF;
			remoteInfo = FoodTracker;
		};
/* End PBXContainerItemProxy section */

/* Begin PBXFileReference section */
		CCA30BF820D2C1E6002C28AF /* FoodTracker.app */ = {isa = PBXFileReference; explicitFileType = wrapper.application; includeInIndex = 0; path = FoodTracker.app; sourceTree = BUILT_PRODUCTS_DIR; };
		CCA30BFB20D2C1E6002C28AF /* AppDelegate.swift */ = {isa = PBXFileReference; lastKnownFileType = sourcecode.swift; path = AppDelegate.swift; sourceTree = "<group>"; };
		CCA30BFD20D2C1E6002C28AF /* MealViewController.swift */ = {isa = PBXFileReference; lastKnownFileType = sourcecode.swift; path = MealViewController.swift; sourceTree = "<group>"; };
		CCA30C0020D2C1E6002C28AF /* Base */ = {isa = PBXFileReference; lastKnownFileType = file.storyboard; name = Base; path = Base.lproj/Main.storyboard; sourceTree = "<group>"; };
		CCA30C0220D2C1E8002C28AF /* Assets.xcassets */ = {isa = PBXFileReference; lastKnownFileType = folder.assetcatalog; path = Assets.xcassets; sourceTree = "<group>"; };
		CCA30C0520D2C1E8002C28AF /* Base */ = {isa = PBXFileReference; lastKnownFileType = file.storyboard; name = Base; path = Base.lproj/LaunchScreen.storyboard; sourceTree = "<group>"; };
		CCA30C0720D2C1E8002C28AF /* Info.plist */ = {isa = PBXFileReference; lastKnownFileType = text.plist.xml; path = Info.plist; sourceTree = "<group>"; };
		CCA30C0C20D2C1E8002C28AF /* FoodTrackerTests.xctest */ = {isa = PBXFileReference; explicitFileType = wrapper.cfbundle; includeInIndex = 0; path = FoodTrackerTests.xctest; sourceTree = BUILT_PRODUCTS_DIR; };
		CCA30C1020D2C1E8002C28AF /* FoodTrackerTests.swift */ = {isa = PBXFileReference; lastKnownFileType = sourcecode.swift; path = FoodTrackerTests.swift; sourceTree = "<group>"; };
		CCA30C1220D2C1E8002C28AF /* Info.plist */ = {isa = PBXFileReference; lastKnownFileType = text.plist.xml; path = Info.plist; sourceTree = "<group>"; };
		CCA30C1720D2C1E8002C28AF /* FoodTrackerUITests.xctest */ = {isa = PBXFileReference; explicitFileType = wrapper.cfbundle; includeInIndex = 0; path = FoodTrackerUITests.xctest; sourceTree = BUILT_PRODUCTS_DIR; };
		CCA30C1B20D2C1E8002C28AF /* FoodTrackerUITests.swift */ = {isa = PBXFileReference; lastKnownFileType = sourcecode.swift; path = FoodTrackerUITests.swift; sourceTree = "<group>"; };
		CCA30C1D20D2C1E8002C28AF /* Info.plist */ = {isa = PBXFileReference; lastKnownFileType = text.plist.xml; path = Info.plist; sourceTree = "<group>"; };
		CCA30C2920D2E918002C28AF /* RatingControl.swift */ = {isa = PBXFileReference; lastKnownFileType = sourcecode.swift; path = RatingControl.swift; sourceTree = "<group>"; };
		CCA30C2D20D2F7A2002C28AF /* Meal.swift */ = {isa = PBXFileReference; lastKnownFileType = sourcecode.swift; path = Meal.swift; sourceTree = "<group>"; };
		CCA30C2F20D3074A002C28AF /* MealTableViewCell.swift */ = {isa = PBXFileReference; lastKnownFileType = sourcecode.swift; path = MealTableViewCell.swift; sourceTree = "<group>"; };
		CCA30C3120D3FFFB002C28AF /* MealTableViewController.swift */ = {isa = PBXFileReference; lastKnownFileType = sourcecode.swift; path = MealTableViewController.swift; sourceTree = "<group>"; };
/* End PBXFileReference section */

/* Begin PBXFrameworksBuildPhase section */
		CCA30BF520D2C1E6002C28AF /* Frameworks */ = {
			isa = PBXFrameworksBuildPhase;
			buildActionMask = 2147483647;
			files = (
			);
			runOnlyForDeploymentPostprocessing = 0;
		};
		CCA30C0920D2C1E8002C28AF /* Frameworks */ = {
			isa = PBXFrameworksBuildPhase;
			buildActionMask = 2147483647;
			files = (
			);
			runOnlyForDeploymentPostprocessing = 0;
		};
		CCA30C1420D2C1E8002C28AF /* Frameworks */ = {
			isa = PBXFrameworksBuildPhase;
			buildActionMask = 2147483647;
			files = (
			);
			runOnlyForDeploymentPostprocessing = 0;
		};
/* End PBXFrameworksBuildPhase section */

/* Begin PBXGroup section */
		CCA30BEF20D2C1E6002C28AF = {
			isa = PBXGroup;
			children = (
				CCA30BFA20D2C1E6002C28AF /* FoodTracker */,
				CCA30C0F20D2C1E8002C28AF /* FoodTrackerTests */,
				CCA30C1A20D2C1E8002C28AF /* FoodTrackerUITests */,
				CCA30BF920D2C1E6002C28AF /* Products */,
			);
			sourceTree = "<group>";
		};
		CCA30BF920D2C1E6002C28AF /* Products */ = {
			isa = PBXGroup;
			children = (
				CCA30BF820D2C1E6002C28AF /* FoodTracker.app */,
				CCA30C0C20D2C1E8002C28AF /* FoodTrackerTests.xctest */,
				CCA30C1720D2C1E8002C28AF /* FoodTrackerUITests.xctest */,
			);
			name = Products;
			sourceTree = "<group>";
		};
		CCA30BFA20D2C1E6002C28AF /* FoodTracker */ = {
			isa = PBXGroup;
			children = (
				CCA30BFB20D2C1E6002C28AF /* AppDelegate.swift */,
				CCA30BFD20D2C1E6002C28AF /* MealViewController.swift */,
				CCA30C2920D2E918002C28AF /* RatingControl.swift */,
				CCA30C2D20D2F7A2002C28AF /* Meal.swift */,
				CCA30BFF20D2C1E6002C28AF /* Main.storyboard */,
				CCA30C2F20D3074A002C28AF /* MealTableViewCell.swift */,
				CCA30C3120D3FFFB002C28AF /* MealTableViewController.swift */,
				CCA30C0220D2C1E8002C28AF /* Assets.xcassets */,
				CCA30C0420D2C1E8002C28AF /* LaunchScreen.storyboard */,
				CCA30C0720D2C1E8002C28AF /* Info.plist */,
			);
			path = FoodTracker;
			sourceTree = "<group>";
		};
		CCA30C0F20D2C1E8002C28AF /* FoodTrackerTests */ = {
			isa = PBXGroup;
			children = (
				CCA30C1020D2C1E8002C28AF /* FoodTrackerTests.swift */,
				CCA30C1220D2C1E8002C28AF /* Info.plist */,
			);
			path = FoodTrackerTests;
			sourceTree = "<group>";
		};
		CCA30C1A20D2C1E8002C28AF /* FoodTrackerUITests */ = {
			isa = PBXGroup;
			children = (
				CCA30C1B20D2C1E8002C28AF /* FoodTrackerUITests.swift */,
				CCA30C1D20D2C1E8002C28AF /* Info.plist */,
			);
			path = FoodTrackerUITests;
			sourceTree = "<group>";
		};
/* End PBXGroup section */

/* Begin PBXNativeTarget section */
		CCA30BF720D2C1E6002C28AF /* FoodTracker */ = {
			isa = PBXNativeTarget;
			buildConfigurationList = CCA30C2020D2C1E8002C28AF /* Build configuration list for PBXNativeTarget "FoodTracker" */;
			buildPhases = (
				CCA30BF420D2C1E6002C28AF /* Sources */,
				CCA30BF520D2C1E6002C28AF /* Frameworks */,
				CCA30BF620D2C1E6002C28AF /* Resources */,
			);
			buildRules = (
			);
			dependencies = (
			);
			name = FoodTracker;
			productName = FoodTracker;
			productReference = CCA30BF820D2C1E6002C28AF /* FoodTracker.app */;
			productType = "com.apple.product-type.application";
		};
		CCA30C0B20D2C1E8002C28AF /* FoodTrackerTests */ = {
			isa = PBXNativeTarget;
			buildConfigurationList = CCA30C2320D2C1E8002C28AF /* Build configuration list for PBXNativeTarget "FoodTrackerTests" */;
			buildPhases = (
				CCA30C0820D2C1E8002C28AF /* Sources */,
				CCA30C0920D2C1E8002C28AF /* Frameworks */,
				CCA30C0A20D2C1E8002C28AF /* Resources */,
			);
			buildRules = (
			);
			dependencies = (
				CCA30C0E20D2C1E8002C28AF /* PBXTargetDependency */,
			);
			name = FoodTrackerTests;
			productName = FoodTrackerTests;
			productReference = CCA30C0C20D2C1E8002C28AF /* FoodTrackerTests.xctest */;
			productType = "com.apple.product-type.bundle.unit-test";
		};
		CCA30C1620D2C1E8002C28AF /* FoodTrackerUITests */ = {
			isa = PBXNativeTarget;
			buildConfigurationList = CCA30C2620D2C1E8002C28AF /* Build configuration list for PBXNativeTarget "FoodTrackerUITests" */;
			buildPhases = (
				CCA30C1320D2C1E8002C28AF /* Sources */,
				CCA30C1420D2C1E8002C28AF /* Frameworks */,
				CCA30C1520D2C1E8002C28AF /* Resources */,
			);
			buildRules = (
			);
			dependencies = (
				CCA30C1920D2C1E8002C28AF /* PBXTargetDependency */,
			);
			name = FoodTrackerUITests;
			productName = FoodTrackerUITests;
			productReference = CCA30C1720D2C1E8002C28AF /* FoodTrackerUITests.xctest */;
			productType = "com.apple.product-type.bundle.ui-testing";
		};
/* End PBXNativeTarget section */

/* Begin PBXProject section */
		CCA30BF020D2C1E6002C28AF /* Project object */ = {
			isa = PBXProject;
			attributes = {
				LastSwiftUpdateCheck = 0940;
				LastUpgradeCheck = 0940;
				ORGANIZATIONNAME = droff.dev.llc;
				TargetAttributes = {
					CCA30BF720D2C1E6002C28AF = {
						CreatedOnToolsVersion = 9.4;
					};
					CCA30C0B20D2C1E8002C28AF = {
						CreatedOnToolsVersion = 9.4;
						TestTargetID = CCA30BF720D2C1E6002C28AF;
					};
					CCA30C1620D2C1E8002C28AF = {
						CreatedOnToolsVersion = 9.4;
						TestTargetID = CCA30BF720D2C1E6002C28AF;
					};
				};
			};
			buildConfigurationList = CCA30BF320D2C1E6002C28AF /* Build configuration list for PBXProject "FoodTracker" */;
			compatibilityVersion = "Xcode 9.3";
			developmentRegion = en;
			hasScannedForEncodings = 0;
			knownRegions = (
				en,
				Base,
			);
			mainGroup = CCA30BEF20D2C1E6002C28AF;
			productRefGroup = CCA30BF920D2C1E6002C28AF /* Products */;
			projectDirPath = "";
			projectRoot = "";
			targets = (
				CCA30BF720D2C1E6002C28AF /* FoodTracker */,
				CCA30C0B20D2C1E8002C28AF /* FoodTrackerTests */,
				CCA30C1620D2C1E8002C28AF /* FoodTrackerUITests */,
			);
		};
/* End PBXProject section */

/* Begin PBXResourcesBuildPhase section */
		CCA30BF620D2C1E6002C28AF /* Resources */ = {
			isa = PBXResourcesBuildPhase;
			buildActionMask = 2147483647;
			files = (
				CCA30C0620D2C1E8002C28AF /* LaunchScreen.storyboard in Resources */,
				CCA30C0320D2C1E8002C28AF /* Assets.xcassets in Resources */,
				CCA30C0120D2C1E6002C28AF /* Main.storyboard in Resources */,
			);
			runOnlyForDeploymentPostprocessing = 0;
		};
		CCA30C0A20D2C1E8002C28AF /* Resources */ = {
			isa = PBXResourcesBuildPhase;
			buildActionMask = 2147483647;
			files = (
			);
			runOnlyForDeploymentPostprocessing = 0;
		};
		CCA30C1520D2C1E8002C28AF /* Resources */ = {
			isa = PBXResourcesBuildPhase;
			buildActionMask = 2147483647;
			files = (
			);
			runOnlyForDeploymentPostprocessing = 0;
		};
/* End PBXResourcesBuildPhase section */

/* Begin PBXSourcesBuildPhase section */
		CCA30BF420D2C1E6002C28AF /* Sources */ = {
			isa = PBXSourcesBuildPhase;
			buildActionMask = 2147483647;
			files = (
				CCA30C2E20D2F7A2002C28AF /* Meal.swift in Sources */,
				CCA30BFE20D2C1E6002C28AF /* MealViewController.swift in Sources */,
				CCA30C2A20D2E918002C28AF /* RatingControl.swift in Sources */,
				CCA30BFC20D2C1E6002C28AF /* AppDelegate.swift in Sources */,
				CCA30C3220D3FFFB002C28AF /* MealTableViewController.swift in Sources */,
				CCA30C3020D3074A002C28AF /* MealTableViewCell.swift in Sources */,
			);
			runOnlyForDeploymentPostprocessing = 0;
		};
		CCA30C0820D2C1E8002C28AF /* Sources */ = {
			isa = PBXSourcesBuildPhase;
			buildActionMask = 2147483647;
			files = (
				CCA30C1120D2C1E8002C28AF /* FoodTrackerTests.swift in Sources */,
			);
			runOnlyForDeploymentPostprocessing = 0;
		};
		CCA30C1320D2C1E8002C28AF /* Sources */ = {
			isa = PBXSourcesBuildPhase;
			buildActionMask = 2147483647;
			files = (
				CCA30C1C20D2C1E8002C28AF /* FoodTrackerUITests.swift in Sources */,
			);
			runOnlyForDeploymentPostprocessing = 0;
		};
/* End PBXSourcesBuildPhase section */

/* Begin PBXTargetDependency section */
		CCA30C0E20D2C1E8002C28AF /* PBXTargetDependency */ = {
			isa = PBXTargetDependency;
			target = CCA30BF720D2C1E6002C28AF /* FoodTracker */;
			targetProxy = CCA30C0D20D2C1E8002C28AF /* PBXContainerItemProxy */;
		};
		CCA30C1920D2C1E8002C28AF /* PBXTargetDependency */ = {
			isa = PBXTargetDependency;
			target = CCA30BF720D2C1E6002C28AF /* FoodTracker */;
			targetProxy = CCA30C1820D2C1E8002C28AF /* PBXContainerItemProxy */;
		};
/* End PBXTargetDependency section */

/* Begin PBXVariantGroup section */
		CCA30BFF20D2C1E6002C28AF /* Main.storyboard */ = {
			isa = PBXVariantGroup;
			children = (
				CCA30C0020D2C1E6002C28AF /* Base */,
			);
			name = Main.storyboard;
			sourceTree = "<group>";
		};
		CCA30C0420D2C1E8002C28AF /* LaunchScreen.storyboard */ = {
			isa = PBXVariantGroup;
			children = (
				CCA30C0520D2C1E8002C28AF /* Base */,
			);
			name = LaunchScreen.storyboard;
			sourceTree = "<group>";
		};
/* End PBXVariantGroup section */

/* Begin XCBuildConfiguration section */
		CCA30C1E20D2C1E8002C28AF /* Debug */ = {
			isa = XCBuildConfiguration;
			buildSettings = {
				ALWAYS_SEARCH_USER_PATHS = NO;
				CLANG_ANALYZER_NONNULL = YES;
				CLANG_ANALYZER_NUMBER_OBJECT_CONVERSION = YES_AGGRESSIVE;
				CLANG_CXX_LANGUAGE_STANDARD = "gnu++14";
				CLANG_CXX_LIBRARY = "libc++";
				CLANG_ENABLE_MODULES = YES;
				CLANG_ENABLE_OBJC_ARC = YES;
				CLANG_ENABLE_OBJC_WEAK = YES;
				CLANG_WARN_BLOCK_CAPTURE_AUTORELEASING = YES;
				CLANG_WARN_BOOL_CONVERSION = YES;
				CLANG_WARN_COMMA = YES;
				CLANG_WARN_CONSTANT_CONVERSION = YES;
				CLANG_WARN_DEPRECATED_OBJC_IMPLEMENTATIONS = YES;
				CLANG_WARN_DIRECT_OBJC_ISA_USAGE = YES_ERROR;
				CLANG_WARN_DOCUMENTATION_COMMENTS = YES;
				CLANG_WARN_EMPTY_BODY = YES;
				CLANG_WARN_ENUM_CONVERSION = YES;
				CLANG_WARN_INFINITE_RECURSION = YES;
				CLANG_WARN_INT_CONVERSION = YES;
				CLANG_WARN_NON_LITERAL_NULL_CONVERSION = YES;
				CLANG_WARN_OBJC_IMPLICIT_RETAIN_SELF = YES;
				CLANG_WARN_OBJC_LITERAL_CONVERSION = YES;
				CLANG_WARN_OBJC_ROOT_CLASS = YES_ERROR;
				CLANG_WARN_RANGE_LOOP_ANALYSIS = YES;
				CLANG_WARN_STRICT_PROTOTYPES = YES;
				CLANG_WARN_SUSPICIOUS_MOVE = YES;
				CLANG_WARN_UNGUARDED_AVAILABILITY = YES_AGGRESSIVE;
				CLANG_WARN_UNREACHABLE_CODE = YES;
				CLANG_WARN__DUPLICATE_METHOD_MATCH = YES;
				CODE_SIGN_IDENTITY = "iPhone Developer";
				COPY_PHASE_STRIP = NO;
				DEBUG_INFORMATION_FORMAT = dwarf;
				ENABLE_STRICT_OBJC_MSGSEND = YES;
				ENABLE_TESTABILITY = YES;
				GCC_C_LANGUAGE_STANDARD = gnu11;
				GCC_DYNAMIC_NO_PIC = NO;
				GCC_NO_COMMON_BLOCKS = YES;
				GCC_OPTIMIZATION_LEVEL = 0;
				GCC_PREPROCESSOR_DEFINITIONS = (
					"DEBUG=1",
					"$(inherited)",
				);
				GCC_WARN_64_TO_32_BIT_CONVERSION = YES;
				GCC_WARN_ABOUT_RETURN_TYPE = YES_ERROR;
				GCC_WARN_UNDECLARED_SELECTOR = YES;
				GCC_WARN_UNINITIALIZED_AUTOS = YES_AGGRESSIVE;
				GCC_WARN_UNUSED_FUNCTION = YES;
				GCC_WARN_UNUSED_VARIABLE = YES;
				IPHONEOS_DEPLOYMENT_TARGET = 11.4;
				MTL_ENABLE_DEBUG_INFO = YES;
				ONLY_ACTIVE_ARCH = YES;
				SDKROOT = iphoneos;
				SWIFT_ACTIVE_COMPILATION_CONDITIONS = DEBUG;
				SWIFT_OPTIMIZATION_LEVEL = "-Onone";
			};
			name = Debug;
		};
		CCA30C1F20D2C1E8002C28AF /* Release */ = {
			isa = XCBuildConfiguration;
			buildSettings = {
				ALWAYS_SEARCH_USER_PATHS = NO;
				CLANG_ANALYZER_NONNULL = YES;
				CLANG_ANALYZER_NUMBER_OBJECT_CONVERSION = YES_AGGRESSIVE;
				CLANG_CXX_LANGUAGE_STANDARD = "gnu++14";
				CLANG_CXX_LIBRARY = "libc++";
				CLANG_ENABLE_MODULES = YES;
				CLANG_ENABLE_OBJC_ARC = YES;
				CLANG_ENABLE_OBJC_WEAK = YES;
				CLANG_WARN_BLOCK_CAPTURE_AUTORELEASING = YES;
				CLANG_WARN_BOOL_CONVERSION = YES;
				CLANG_WARN_COMMA = YES;
				CLANG_WARN_CONSTANT_CONVERSION = YES;
				CLANG_WARN_DEPRECATED_OBJC_IMPLEMENTATIONS = YES;
				CLANG_WARN_DIRECT_OBJC_ISA_USAGE = YES_ERROR;
				CLANG_WARN_DOCUMENTATION_COMMENTS = YES;
				CLANG_WARN_EMPTY_BODY = YES;
				CLANG_WARN_ENUM_CONVERSION = YES;
				CLANG_WARN_INFINITE_RECURSION = YES;
				CLANG_WARN_INT_CONVERSION = YES;
				CLANG_WARN_NON_LITERAL_NULL_CONVERSION = YES;
				CLANG_WARN_OBJC_IMPLICIT_RETAIN_SELF = YES;
				CLANG_WARN_OBJC_LITERAL_CONVERSION = YES;
				CLANG_WARN_OBJC_ROOT_CLASS = YES_ERROR;
				CLANG_WARN_RANGE_LOOP_ANALYSIS = YES;
				CLANG_WARN_STRICT_PROTOTYPES = YES;
				CLANG_WARN_SUSPICIOUS_MOVE = YES;
				CLANG_WARN_UNGUARDED_AVAILABILITY = YES_AGGRESSIVE;
				CLANG_WARN_UNREACHABLE_CODE = YES;
				CLANG_WARN__DUPLICATE_METHOD_MATCH = YES;
				CODE_SIGN_IDENTITY = "iPhone Developer";
				COPY_PHASE_STRIP = NO;
				DEBUG_INFORMATION_FORMAT = "dwarf-with-dsym";
				ENABLE_NS_ASSERTIONS = NO;
				ENABLE_STRICT_OBJC_MSGSEND = YES;
				GCC_C_LANGUAGE_STANDARD = gnu11;
				GCC_NO_COMMON_BLOCKS = YES;
				GCC_WARN_64_TO_32_BIT_CONVERSION = YES;
				GCC_WARN_ABOUT_RETURN_TYPE = YES_ERROR;
				GCC_WARN_UNDECLARED_SELECTOR = YES;
				GCC_WARN_UNINITIALIZED_AUTOS = YES_AGGRESSIVE;
				GCC_WARN_UNUSED_FUNCTION = YES;
				GCC_WARN_UNUSED_VARIABLE = YES;
				IPHONEOS_DEPLOYMENT_TARGET = 11.4;
				MTL_ENABLE_DEBUG_INFO = NO;
				SDKROOT = iphoneos;
				SWIFT_COMPILATION_MODE = wholemodule;
				SWIFT_OPTIMIZATION_LEVEL = "-O";
				VALIDATE_PRODUCT = YES;
			};
			name = Release;
		};
		CCA30C2120D2C1E8002C28AF /* Debug */ = {
			isa = XCBuildConfiguration;
			buildSettings = {
				ASSETCATALOG_COMPILER_APPICON_NAME = AppIcon;
				CODE_SIGN_STYLE = Automatic;
				DEVELOPMENT_TEAM = CNTXQYQXTB;
				INFOPLIST_FILE = FoodTracker/Info.plist;
				LD_RUNPATH_SEARCH_PATHS = (
					"$(inherited)",
					"@executable_path/Frameworks",
				);
				PRODUCT_BUNDLE_IDENTIFIER = com.droff.dev.llc.FoodTracker;
				PRODUCT_NAME = "$(TARGET_NAME)";
				SWIFT_VERSION = 4.0;
				TARGETED_DEVICE_FAMILY = "1,2";
			};
			name = Debug;
		};
		CCA30C2220D2C1E8002C28AF /* Release */ = {
			isa = XCBuildConfiguration;
			buildSettings = {
				ASSETCATALOG_COMPILER_APPICON_NAME = AppIcon;
				CODE_SIGN_STYLE = Automatic;
				DEVELOPMENT_TEAM = CNTXQYQXTB;
				INFOPLIST_FILE = FoodTracker/Info.plist;
				LD_RUNPATH_SEARCH_PATHS = (
					"$(inherited)",
					"@executable_path/Frameworks",
				);
				PRODUCT_BUNDLE_IDENTIFIER = com.droff.dev.llc.FoodTracker;
				PRODUCT_NAME = "$(TARGET_NAME)";
				SWIFT_VERSION = 4.0;
				TARGETED_DEVICE_FAMILY = "1,2";
			};
			name = Release;
		};
		CCA30C2420D2C1E8002C28AF /* Debug */ = {
			isa = XCBuildConfiguration;
			buildSettings = {
				ALWAYS_EMBED_SWIFT_STANDARD_LIBRARIES = YES;
				BUNDLE_LOADER = "$(TEST_HOST)";
				CODE_SIGN_STYLE = Automatic;
				DEVELOPMENT_TEAM = CNTXQYQXTB;
				INFOPLIST_FILE = FoodTrackerTests/Info.plist;
				LD_RUNPATH_SEARCH_PATHS = (
					"$(inherited)",
					"@executable_path/Frameworks",
					"@loader_path/Frameworks",
				);
				PRODUCT_BUNDLE_IDENTIFIER = com.droff.dev.llc.FoodTrackerTests;
				PRODUCT_NAME = "$(TARGET_NAME)";
				SWIFT_VERSION = 4.0;
				TARGETED_DEVICE_FAMILY = "1,2";
				TEST_HOST = "$(BUILT_PRODUCTS_DIR)/FoodTracker.app/FoodTracker";
			};
			name = Debug;
		};
		CCA30C2520D2C1E8002C28AF /* Release */ = {
			isa = XCBuildConfiguration;
			buildSettings = {
				ALWAYS_EMBED_SWIFT_STANDARD_LIBRARIES = YES;
				BUNDLE_LOADER = "$(TEST_HOST)";
				CODE_SIGN_STYLE = Automatic;
				DEVELOPMENT_TEAM = CNTXQYQXTB;
				INFOPLIST_FILE = FoodTrackerTests/Info.plist;
				LD_RUNPATH_SEARCH_PATHS = (
					"$(inherited)",
					"@executable_path/Frameworks",
					"@loader_path/Frameworks",
				);
				PRODUCT_BUNDLE_IDENTIFIER = com.droff.dev.llc.FoodTrackerTests;
				PRODUCT_NAME = "$(TARGET_NAME)";
				SWIFT_VERSION = 4.0;
				TARGETED_DEVICE_FAMILY = "1,2";
				TEST_HOST = "$(BUILT_PRODUCTS_DIR)/FoodTracker.app/FoodTracker";
			};
			name = Release;
		};
		CCA30C2720D2C1E8002C28AF /* Debug */ = {
			isa = XCBuildConfiguration;
			buildSettings = {
				ALWAYS_EMBED_SWIFT_STANDARD_LIBRARIES = YES;
				CODE_SIGN_STYLE = Automatic;
				DEVELOPMENT_TEAM = CNTXQYQXTB;
				INFOPLIST_FILE = FoodTrackerUITests/Info.plist;
				LD_RUNPATH_SEARCH_PATHS = (
					"$(inherited)",
					"@executable_path/Frameworks",
					"@loader_path/Frameworks",
				);
				PRODUCT_BUNDLE_IDENTIFIER = com.droff.dev.llc.FoodTrackerUITests;
				PRODUCT_NAME = "$(TARGET_NAME)";
				SWIFT_VERSION = 4.0;
				TARGETED_DEVICE_FAMILY = "1,2";
				TEST_TARGET_NAME = FoodTracker;
			};
			name = Debug;
		};
		CCA30C2820D2C1E8002C28AF /* Release */ = {
			isa = XCBuildConfiguration;
			buildSettings = {
				ALWAYS_EMBED_SWIFT_STANDARD_LIBRARIES = YES;
				CODE_SIGN_STYLE = Automatic;
				DEVELOPMENT_TEAM = CNTXQYQXTB;
				INFOPLIST_FILE = FoodTrackerUITests/Info.plist;
				LD_RUNPATH_SEARCH_PATHS = (
					"$(inherited)",
					"@executable_path/Frameworks",
					"@loader_path/Frameworks",
				);
				PRODUCT_BUNDLE_IDENTIFIER = com.droff.dev.llc.FoodTrackerUITests;
				PRODUCT_NAME = "$(TARGET_NAME)";
				SWIFT_VERSION = 4.0;
				TARGETED_DEVICE_FAMILY = "1,2";
				TEST_TARGET_NAME = FoodTracker;
			};
			name = Release;
		};
/* End XCBuildConfiguration section */

/* Begin XCConfigurationList section */
		CCA30BF320D2C1E6002C28AF /* Build configuration list for PBXProject "FoodTracker" */ = {
			isa = XCConfigurationList;
			buildConfigurations = (
				CCA30C1E20D2C1E8002C28AF /* Debug */,
				CCA30C1F20D2C1E8002C28AF /* Release */,
			);
			defaultConfigurationIsVisible = 0;
			defaultConfigurationName = Release;
		};
		CCA30C2020D2C1E8002C28AF /* Build configuration list for PBXNativeTarget "FoodTracker" */ = {
			isa = XCConfigurationList;
			buildConfigurations = (
				CCA30C2120D2C1E8002C28AF /* Debug */,
				CCA30C2220D2C1E8002C28AF /* Release */,
			);
			defaultConfigurationIsVisible = 0;
			defaultConfigurationName = Release;
		};
		CCA30C2320D2C1E8002C28AF /* Build configuration list for PBXNativeTarget "FoodTrackerTests" */ = {
			isa = XCConfigurationList;
			buildConfigurations = (
				CCA30C2420D2C1E8002C28AF /* Debug */,
				CCA30C2520D2C1E8002C28AF /* Release */,
			);
			defaultConfigurationIsVisible = 0;
			defaultConfigurationName = Release;
		};
		CCA30C2620D2C1E8002C28AF /* Build configuration list for PBXNativeTarget "FoodTrackerUITests" */ = {
			isa = XCConfigurationList;
			buildConfigurations = (
				CCA30C2720D2C1E8002C28AF /* Debug */,
				CCA30C2820D2C1E8002C28AF /* Release */,
			);
			defaultConfigurationIsVisible = 0;
			defaultConfigurationName = Release;
		};
/* End XCConfigurationList section */
	};
	rootObject = CCA30BF020D2C1E6002C28AF /* Project object */;
}
